
Microsoft Visual Studio Solution File, Format Version 12.00
# Visual Studio Version 17
VisualStudioVersion = 17.3.32929.385
MinimumVisualStudioVersion = 10.0.40219.1
Project("{9A19103F-16F7-4668-BE54-9A1E7A4F7556}") = "UMI3DHub", "UMI3D-Hub\UMI3DHub.csproj", "{5A55B2C0-53C3-4969-9DC9-E92870C88B2F}"
EndProject
Global
	GlobalSection(SolutionConfigurationPlatforms) = preSolution
		Debug|Any CPU = Debug|Any CPU
		Release|Any CPU = Release|Any CPU
	EndGlobalSection
	GlobalSection(ProjectConfigurationPlatforms) = postSolution
		{5A55B2C0-53C3-4969-9DC9-E92870C88B2F}.Debug|Any CPU.ActiveCfg = Debug|Any CPU
		{5A55B2C0-53C3-4969-9DC9-E92870C88B2F}.Debug|Any CPU.Build.0 = Debug|Any CPU
		{5A55B2C0-53C3-4969-9DC9-E92870C88B2F}.Release|Any CPU.ActiveCfg = Release|Any CPU
		{5A55B2C0-53C3-4969-9DC9-E92870C88B2F}.Release|Any CPU.Build.0 = Release|Any CPU
	EndGlobalSection
	GlobalSection(SolutionProperties) = preSolution
		HideSolutionNode = FALSE
	EndGlobalSection
	GlobalSection(ExtensibilityGlobals) = postSolution
		SolutionGuid = {C6A8FA5B-0E28-4B5F-BF13-D9D42BA5CBDC}
	EndGlobalSection
EndGlobal
